
Microsoft Visual Studio Solution File, Format Version 12.00
# Visual Studio Version 17
VisualStudioVersion = 17.1.32414.318
MinimumVisualStudioVersion = 10.0.40219.1
Project("{FAE04EC0-301F-11D3-BF4B-00C04F79EFBC}") = "LanZhouBeefNoodles", "LanZhouBeefNoodles\LanZhouBeefNoodles.csproj", "{7607A049-CBBA-43AE-AF96-CE602CC18765}"
EndProject
Global
	GlobalSection(SolutionConfigurationPlatforms) = preSolution
		Debug|Any CPU = Debug|Any CPU
		Release|Any CPU = Release|Any CPU
	EndGlobalSection
	GlobalSection(ProjectConfigurationPlatforms) = postSolution
		{7607A049-CBBA-43AE-AF96-CE602CC18765}.Debug|Any CPU.ActiveCfg = Debug|Any CPU
		{7607A049-CBBA-43AE-AF96-CE602CC18765}.Debug|Any CPU.Build.0 = Debug|Any CPU
		{7607A049-CBBA-43AE-AF96-CE602CC18765}.Release|Any CPU.ActiveCfg = Release|Any CPU
		{7607A049-CBBA-43AE-AF96-CE602CC18765}.Release|Any CPU.Build.0 = Release|Any CPU
	EndGlobalSection
	GlobalSection(SolutionProperties) = preSolution
		HideSolutionNode = FALSE
	EndGlobalSection
	GlobalSection(ExtensibilityGlobals) = postSolution
		SolutionGuid = {3F30E33B-7D00-484B-B285-24CAF973C67F}
	EndGlobalSection
EndGlobal
